// !$*UTF8*$!
{
	archiveVersion = 1;
	classes = {
	};
	objectVersion = 46;
	objects = {

/* Begin PBXBuildFile section */
		2ED9992C1EAA4D2500277FA7 /* AppDelegate.swift in Sources */ = {isa = PBXBuildFile; fileRef = 2ED9992B1EAA4D2500277FA7 /* AppDelegate.swift */; };
		2ED9992E1EAA4D2500277FA7 /* ViewController.swift in Sources */ = {isa = PBXBuildFile; fileRef = 2ED9992D1EAA4D2500277FA7 /* ViewController.swift */; };
		2ED999311EAA4D2500277FA7 /* Main.storyboard in Resources */ = {isa = PBXBuildFile; fileRef = 2ED9992F1EAA4D2500277FA7 /* Main.storyboard */; };
		2ED999331EAA4D2500277FA7 /* Assets.xcassets in Resources */ = {isa = PBXBuildFile; fileRef = 2ED999321EAA4D2500277FA7 /* Assets.xcassets */; };
		2ED999361EAA4D2500277FA7 /* LaunchScreen.storyboard in Resources */ = {isa = PBXBuildFile; fileRef = 2ED999341EAA4D2500277FA7 /* LaunchScreen.storyboard */; };
		2ED999411EAA4D2500277FA7 /* TableView_Kiet_13110085Tests.swift in Sources */ = {isa = PBXBuildFile; fileRef = 2ED999401EAA4D2500277FA7 /* TableView_Kiet_13110085Tests.swift */; };
		2ED9994C1EAA4D2500277FA7 /* TableView_Kiet_13110085UITests.swift in Sources */ = {isa = PBXBuildFile; fileRef = 2ED9994B1EAA4D2500277FA7 /* TableView_Kiet_13110085UITests.swift */; };
/* End PBXBuildFile section */

/* Begin PBXContainerItemProxy section */
		2ED9993D1EAA4D2500277FA7 /* PBXContainerItemProxy */ = {
			isa = PBXContainerItemProxy;
			containerPortal = 2ED999201EAA4D2500277FA7 /* Project object */;
			proxyType = 1;
			remoteGlobalIDString = 2ED999271EAA4D2500277FA7;
			remoteInfo = TableView_Kiet_13110085;
		};
		2ED999481EAA4D2500277FA7 /* PBXContainerItemProxy */ = {
			isa = PBXContainerItemProxy;
			containerPortal = 2ED999201EAA4D2500277FA7 /* Project object */;
			proxyType = 1;
			remoteGlobalIDString = 2ED999271EAA4D2500277FA7;
			remoteInfo = TableView_Kiet_13110085;
		};
/* End PBXContainerItemProxy section */

/* Begin PBXFileReference section */
		2ED999281EAA4D2500277FA7 /* TableView_Kiet_13110085.app */ = {isa = PBXFileReference; explicitFileType = wrapper.application; includeInIndex = 0; path = TableView_Kiet_13110085.app; sourceTree = BUILT_PRODUCTS_DIR; };
		2ED9992B1EAA4D2500277FA7 /* AppDelegate.swift */ = {isa = PBXFileReference; lastKnownFileType = sourcecode.swift; path = AppDelegate.swift; sourceTree = "<group>"; };
		2ED9992D1EAA4D2500277FA7 /* ViewController.swift */ = {isa = PBXFileReference; lastKnownFileType = sourcecode.swift; path = ViewController.swift; sourceTree = "<group>"; };
		2ED999301EAA4D2500277FA7 /* Base */ = {isa = PBXFileReference; lastKnownFileType = file.storyboard; name = Base; path = Base.lproj/Main.storyboard; sourceTree = "<group>"; };
		2ED999321EAA4D2500277FA7 /* Assets.xcassets */ = {isa = PBXFileReference; lastKnownFileType = folder.assetcatalog; path = Assets.xcassets; sourceTree = "<group>"; };
		2ED999351EAA4D2500277FA7 /* Base */ = {isa = PBXFileReference; lastKnownFileType = file.storyboard; name = Base; path = Base.lproj/LaunchScreen.storyboard; sourceTree = "<group>"; };
		2ED999371EAA4D2500277FA7 /* Info.plist */ = {isa = PBXFileReference; lastKnownFileType = text.plist.xml; path = Info.plist; sourceTree = "<group>"; };
		2ED9993C1EAA4D2500277FA7 /* TableView_Kiet_13110085Tests.xctest */ = {isa = PBXFileReference; explicitFileType = wrapper.cfbundle; includeInIndex = 0; path = TableView_Kiet_13110085Tests.xctest; sourceTree = BUILT_PRODUCTS_DIR; };
		2ED999401EAA4D2500277FA7 /* TableView_Kiet_13110085Tests.swift */ = {isa = PBXFileReference; lastKnownFileType = sourcecode.swift; path = TableView_Kiet_13110085Tests.swift; sourceTree = "<group>"; };
		2ED999421EAA4D2500277FA7 /* Info.plist */ = {isa = PBXFileReference; lastKnownFileType = text.plist.xml; path = Info.plist; sourceTree = "<group>"; };
		2ED999471EAA4D2500277FA7 /* TableView_Kiet_13110085UITests.xctest */ = {isa = PBXFileReference; explicitFileType = wrapper.cfbundle; includeInIndex = 0; path = TableView_Kiet_13110085UITests.xctest; sourceTree = BUILT_PRODUCTS_DIR; };
		2ED9994B1EAA4D2500277FA7 /* TableView_Kiet_13110085UITests.swift */ = {isa = PBXFileReference; lastKnownFileType = sourcecode.swift; path = TableView_Kiet_13110085UITests.swift; sourceTree = "<group>"; };
		2ED9994D1EAA4D2500277FA7 /* Info.plist */ = {isa = PBXFileReference; lastKnownFileType = text.plist.xml; path = Info.plist; sourceTree = "<group>"; };
/* End PBXFileReference section */

/* Begin PBXFrameworksBuildPhase section */
		2ED999251EAA4D2500277FA7 /* Frameworks */ = {
			isa = PBXFrameworksBuildPhase;
			buildActionMask = 2147483647;
			files = (
			);
			runOnlyForDeploymentPostprocessing = 0;
		};
		2ED999391EAA4D2500277FA7 /* Frameworks */ = {
			isa = PBXFrameworksBuildPhase;
			buildActionMask = 2147483647;
			files = (
			);
			runOnlyForDeploymentPostprocessing = 0;
		};
		2ED999441EAA4D2500277FA7 /* Frameworks */ = {
			isa = PBXFrameworksBuildPhase;
			buildActionMask = 2147483647;
			files = (
			);
			runOnlyForDeploymentPostprocessing = 0;
		};
/* End PBXFrameworksBuildPhase section */

/* Begin PBXGroup section */
		2ED9991F1EAA4D2500277FA7 = {
			isa = PBXGroup;
			children = (
				2ED9992A1EAA4D2500277FA7 /* TableView_Kiet_13110085 */,
				2ED9993F1EAA4D2500277FA7 /* TableView_Kiet_13110085Tests */,
				2ED9994A1EAA4D2500277FA7 /* TableView_Kiet_13110085UITests */,
				2ED999291EAA4D2500277FA7 /* Products */,
			);
			sourceTree = "<group>";
		};
		2ED999291EAA4D2500277FA7 /* Products */ = {
			isa = PBXGroup;
			children = (
				2ED999281EAA4D2500277FA7 /* TableView_Kiet_13110085.app */,
				2ED9993C1EAA4D2500277FA7 /* TableView_Kiet_13110085Tests.xctest */,
				2ED999471EAA4D2500277FA7 /* TableView_Kiet_13110085UITests.xctest */,
			);
			name = Products;
			sourceTree = "<group>";
		};
		2ED9992A1EAA4D2500277FA7 /* TableView_Kiet_13110085 */ = {
			isa = PBXGroup;
			children = (
				2ED9992B1EAA4D2500277FA7 /* AppDelegate.swift */,
				2ED9992D1EAA4D2500277FA7 /* ViewController.swift */,
				2ED9992F1EAA4D2500277FA7 /* Main.storyboard */,
				2ED999321EAA4D2500277FA7 /* Assets.xcassets */,
				2ED999341EAA4D2500277FA7 /* LaunchScreen.storyboard */,
				2ED999371EAA4D2500277FA7 /* Info.plist */,
			);
			path = TableView_Kiet_13110085;
			sourceTree = "<group>";
		};
		2ED9993F1EAA4D2500277FA7 /* TableView_Kiet_13110085Tests */ = {
			isa = PBXGroup;
			children = (
				2ED999401EAA4D2500277FA7 /* TableView_Kiet_13110085Tests.swift */,
				2ED999421EAA4D2500277FA7 /* Info.plist */,
			);
			path = TableView_Kiet_13110085Tests;
			sourceTree = "<group>";
		};
		2ED9994A1EAA4D2500277FA7 /* TableView_Kiet_13110085UITests */ = {
			isa = PBXGroup;
			children = (
				2ED9994B1EAA4D2500277FA7 /* TableView_Kiet_13110085UITests.swift */,
				2ED9994D1EAA4D2500277FA7 /* Info.plist */,
			);
			path = TableView_Kiet_13110085UITests;
			sourceTree = "<group>";
		};
/* End PBXGroup section */

/* Begin PBXNativeTarget section */
		2ED999271EAA4D2500277FA7 /* TableView_Kiet_13110085 */ = {
			isa = PBXNativeTarget;
			buildConfigurationList = 2ED999501EAA4D2500277FA7 /* Build configuration list for PBXNativeTarget "TableView_Kiet_13110085" */;
			buildPhases = (
				2ED999241EAA4D2500277FA7 /* Sources */,
				2ED999251EAA4D2500277FA7 /* Frameworks */,
				2ED999261EAA4D2500277FA7 /* Resources */,
			);
			buildRules = (
			);
			dependencies = (
			);
			name = TableView_Kiet_13110085;
			productName = TableView_Kiet_13110085;
			productReference = 2ED999281EAA4D2500277FA7 /* TableView_Kiet_13110085.app */;
			productType = "com.apple.product-type.application";
		};
		2ED9993B1EAA4D2500277FA7 /* TableView_Kiet_13110085Tests */ = {
			isa = PBXNativeTarget;
			buildConfigurationList = 2ED999531EAA4D2500277FA7 /* Build configuration list for PBXNativeTarget "TableView_Kiet_13110085Tests" */;
			buildPhases = (
				2ED999381EAA4D2500277FA7 /* Sources */,
				2ED999391EAA4D2500277FA7 /* Frameworks */,
				2ED9993A1EAA4D2500277FA7 /* Resources */,
			);
			buildRules = (
			);
			dependencies = (
				2ED9993E1EAA4D2500277FA7 /* PBXTargetDependency */,
			);
			name = TableView_Kiet_13110085Tests;
			productName = TableView_Kiet_13110085Tests;
			productReference = 2ED9993C1EAA4D2500277FA7 /* TableView_Kiet_13110085Tests.xctest */;
			productType = "com.apple.product-type.bundle.unit-test";
		};
		2ED999461EAA4D2500277FA7 /* TableView_Kiet_13110085UITests */ = {
			isa = PBXNativeTarget;
			buildConfigurationList = 2ED999561EAA4D2500277FA7 /* Build configuration list for PBXNativeTarget "TableView_Kiet_13110085UITests" */;
			buildPhases = (
				2ED999431EAA4D2500277FA7 /* Sources */,
				2ED999441EAA4D2500277FA7 /* Frameworks */,
				2ED999451EAA4D2500277FA7 /* Resources */,
			);
			buildRules = (
			);
			dependencies = (
				2ED999491EAA4D2500277FA7 /* PBXTargetDependency */,
			);
			name = TableView_Kiet_13110085UITests;
			productName = TableView_Kiet_13110085UITests;
			productReference = 2ED999471EAA4D2500277FA7 /* TableView_Kiet_13110085UITests.xctest */;
			productType = "com.apple.product-type.bundle.ui-testing";
		};
/* End PBXNativeTarget section */

/* Begin PBXProject section */
		2ED999201EAA4D2500277FA7 /* Project object */ = {
			isa = PBXProject;
			attributes = {
				LastSwiftUpdateCheck = 0830;
				LastUpgradeCheck = 0830;
				ORGANIZATIONNAME = "Kiet Nguyen";
				TargetAttributes = {
					2ED999271EAA4D2500277FA7 = {
						CreatedOnToolsVersion = 8.3.2;
						DevelopmentTeam = H268XRZ67X;
						ProvisioningStyle = Automatic;
					};
					2ED9993B1EAA4D2500277FA7 = {
						CreatedOnToolsVersion = 8.3.2;
						DevelopmentTeam = H268XRZ67X;
						ProvisioningStyle = Automatic;
						TestTargetID = 2ED999271EAA4D2500277FA7;
					};
					2ED999461EAA4D2500277FA7 = {
						CreatedOnToolsVersion = 8.3.2;
						DevelopmentTeam = H268XRZ67X;
						ProvisioningStyle = Automatic;
						TestTargetID = 2ED999271EAA4D2500277FA7;
					};
				};
			};
			buildConfigurationList = 2ED999231EAA4D2500277FA7 /* Build configuration list for PBXProject "TableView_Kiet_13110085" */;
			compatibilityVersion = "Xcode 3.2";
			developmentRegion = English;
			hasScannedForEncodings = 0;
			knownRegions = (
				en,
				Base,
			);
			mainGroup = 2ED9991F1EAA4D2500277FA7;
			productRefGroup = 2ED999291EAA4D2500277FA7 /* Products */;
			projectDirPath = "";
			projectRoot = "";
			targets = (
				2ED999271EAA4D2500277FA7 /* TableView_Kiet_13110085 */,
				2ED9993B1EAA4D2500277FA7 /* TableView_Kiet_13110085Tests */,
				2ED999461EAA4D2500277FA7 /* TableView_Kiet_13110085UITests */,
			);
		};
/* End PBXProject section */

/* Begin PBXResourcesBuildPhase section */
		2ED999261EAA4D2500277FA7 /* Resources */ = {
			isa = PBXResourcesBuildPhase;
			buildActionMask = 2147483647;
			files = (
				2ED999361EAA4D2500277FA7 /* LaunchScreen.storyboard in Resources */,
				2ED999331EAA4D2500277FA7 /* Assets.xcassets in Resources */,
				2ED999311EAA4D2500277FA7 /* Main.storyboard in Resources */,
			);
			runOnlyForDeploymentPostprocessing = 0;
		};
		2ED9993A1EAA4D2500277FA7 /* Resources */ = {
			isa = PBXResourcesBuildPhase;
			buildActionMask = 2147483647;
			files = (
			);
			runOnlyForDeploymentPostprocessing = 0;
		};
		2ED999451EAA4D2500277FA7 /* Resources */ = {
			isa = PBXResourcesBuildPhase;
			buildActionMask = 2147483647;
			files = (
			);
			runOnlyForDeploymentPostprocessing = 0;
		};
/* End PBXResourcesBuildPhase section */

/* Begin PBXSourcesBuildPhase section */
		2ED999241EAA4D2500277FA7 /* Sources */ = {
			isa = PBXSourcesBuildPhase;
			buildActionMask = 2147483647;
			files = (
				2ED9992E1EAA4D2500277FA7 /* ViewController.swift in Sources */,
				2ED9992C1EAA4D2500277FA7 /* AppDelegate.swift in Sources */,
			);
			runOnlyForDeploymentPostprocessing = 0;
		};
		2ED999381EAA4D2500277FA7 /* Sources */ = {
			isa = PBXSourcesBuildPhase;
			buildActionMask = 2147483647;
			files = (
				2ED999411EAA4D2500277FA7 /* TableView_Kiet_13110085Tests.swift in Sources */,
			);
			runOnlyForDeploymentPostprocessing = 0;
		};
		2ED999431EAA4D2500277FA7 /* Sources */ = {
			isa = PBXSourcesBuildPhase;
			buildActionMask = 2147483647;
			files = (
				2ED9994C1EAA4D2500277FA7 /* TableView_Kiet_13110085UITests.swift in Sources */,
			);
			runOnlyForDeploymentPostprocessing = 0;
		};
/* End PBXSourcesBuildPhase section */

/* Begin PBXTargetDependency section */
		2ED9993E1EAA4D2500277FA7 /* PBXTargetDependency */ = {
			isa = PBXTargetDependency;
			target = 2ED999271EAA4D2500277FA7 /* TableView_Kiet_13110085 */;
			targetProxy = 2ED9993D1EAA4D2500277FA7 /* PBXContainerItemProxy */;
		};
		2ED999491EAA4D2500277FA7 /* PBXTargetDependency */ = {
			isa = PBXTargetDependency;
			target = 2ED999271EAA4D2500277FA7 /* TableView_Kiet_13110085 */;
			targetProxy = 2ED999481EAA4D2500277FA7 /* PBXContainerItemProxy */;
		};
/* End PBXTargetDependency section */

/* Begin PBXVariantGroup section */
		2ED9992F1EAA4D2500277FA7 /* Main.storyboard */ = {
			isa = PBXVariantGroup;
			children = (
				2ED999301EAA4D2500277FA7 /* Base */,
			);
			name = Main.storyboard;
			sourceTree = "<group>";
		};
		2ED999341EAA4D2500277FA7 /* LaunchScreen.storyboard */ = {
			isa = PBXVariantGroup;
			children = (
				2ED999351EAA4D2500277FA7 /* Base */,
			);
			name = LaunchScreen.storyboard;
			sourceTree = "<group>";
		};
/* End PBXVariantGroup section */

/* Begin XCBuildConfiguration section */
		2ED9994E1EAA4D2500277FA7 /* Debug */ = {
			isa = XCBuildConfiguration;
			buildSettings = {
				ALWAYS_SEARCH_USER_PATHS = NO;
				CLANG_ANALYZER_NONNULL = YES;
				CLANG_ANALYZER_NUMBER_OBJECT_CONVERSION = YES_AGGRESSIVE;
				CLANG_CXX_LANGUAGE_STANDARD = "gnu++0x";
				CLANG_CXX_LIBRARY = "libc++";
				CLANG_ENABLE_MODULES = YES;
				CLANG_ENABLE_OBJC_ARC = YES;
				CLANG_WARN_BOOL_CONVERSION = YES;
				CLANG_WARN_CONSTANT_CONVERSION = YES;
				CLANG_WARN_DIRECT_OBJC_ISA_USAGE = YES_ERROR;
				CLANG_WARN_DOCUMENTATION_COMMENTS = YES;
				CLANG_WARN_EMPTY_BODY = YES;
				CLANG_WARN_ENUM_CONVERSION = YES;
				CLANG_WARN_INFINITE_RECURSION = YES;
				CLANG_WARN_INT_CONVERSION = YES;
				CLANG_WARN_OBJC_ROOT_CLASS = YES_ERROR;
				CLANG_WARN_SUSPICIOUS_MOVE = YES;
				CLANG_WARN_UNREACHABLE_CODE = YES;
				CLANG_WARN__DUPLICATE_METHOD_MATCH = YES;
				"CODE_SIGN_IDENTITY[sdk=iphoneos*]" = "iPhone Developer";
				COPY_PHASE_STRIP = NO;
				DEBUG_INFORMATION_FORMAT = dwarf;
				ENABLE_STRICT_OBJC_MSGSEND = YES;
				ENABLE_TESTABILITY = YES;
				GCC_C_LANGUAGE_STANDARD = gnu99;
				GCC_DYNAMIC_NO_PIC = NO;
				GCC_NO_COMMON_BLOCKS = YES;
				GCC_OPTIMIZATION_LEVEL = 0;
				GCC_PREPROCESSOR_DEFINITIONS = (
					"DEBUG=1",
					"$(inherited)",
				);
				GCC_WARN_64_TO_32_BIT_CONVERSION = YES;
				GCC_WARN_ABOUT_RETURN_TYPE = YES_ERROR;
				GCC_WARN_UNDECLARED_SELECTOR = YES;
				GCC_WARN_UNINITIALIZED_AUTOS = YES_AGGRESSIVE;
				GCC_WARN_UNUSED_FUNCTION = YES;
				GCC_WARN_UNUSED_VARIABLE = YES;
				IPHONEOS_DEPLOYMENT_TARGET = 10.3;
				MTL_ENABLE_DEBUG_INFO = YES;
				ONLY_ACTIVE_ARCH = YES;
				SDKROOT = iphoneos;
				SWIFT_ACTIVE_COMPILATION_CONDITIONS = DEBUG;
				SWIFT_OPTIMIZATION_LEVEL = "-Onone";
			};
			name = Debug;
		};
		2ED9994F1EAA4D2500277FA7 /* Release */ = {
			isa = XCBuildConfiguration;
			buildSettings = {
				ALWAYS_SEARCH_USER_PATHS = NO;
				CLANG_ANALYZER_NONNULL = YES;
				CLANG_ANALYZER_NUMBER_OBJECT_CONVERSION = YES_AGGRESSIVE;
				CLANG_CXX_LANGUAGE_STANDARD = "gnu++0x";
				CLANG_CXX_LIBRARY = "libc++";
				CLANG_ENABLE_MODULES = YES;
				CLANG_ENABLE_OBJC_ARC = YES;
				CLANG_WARN_BOOL_CONVERSION = YES;
				CLANG_WARN_CONSTANT_CONVERSION = YES;
				CLANG_WARN_DIRECT_OBJC_ISA_USAGE = YES_ERROR;
				CLANG_WARN_DOCUMENTATION_COMMENTS = YES;
				CLANG_WARN_EMPTY_BODY = YES;
				CLANG_WARN_ENUM_CONVERSION = YES;
				CLANG_WARN_INFINITE_RECURSION = YES;
				CLANG_WARN_INT_CONVERSION = YES;
				CLANG_WARN_OBJC_ROOT_CLASS = YES_ERROR;
				CLANG_WARN_SUSPICIOUS_MOVE = YES;
				CLANG_WARN_UNREACHABLE_CODE = YES;
				CLANG_WARN__DUPLICATE_METHOD_MATCH = YES;
				"CODE_SIGN_IDENTITY[sdk=iphoneos*]" = "iPhone Developer";
				COPY_PHASE_STRIP = NO;
				DEBUG_INFORMATION_FORMAT = "dwarf-with-dsym";
				ENABLE_NS_ASSERTIONS = NO;
				ENABLE_STRICT_OBJC_MSGSEND = YES;
				GCC_C_LANGUAGE_STANDARD = gnu99;
				GCC_NO_COMMON_BLOCKS = YES;
				GCC_WARN_64_TO_32_BIT_CONVERSION = YES;
				GCC_WARN_ABOUT_RETURN_TYPE = YES_ERROR;
				GCC_WARN_UNDECLARED_SELECTOR = YES;
				GCC_WARN_UNINITIALIZED_AUTOS = YES_AGGRESSIVE;
				GCC_WARN_UNUSED_FUNCTION = YES;
				GCC_WARN_UNUSED_VARIABLE = YES;
				IPHONEOS_DEPLOYMENT_TARGET = 10.3;
				MTL_ENABLE_DEBUG_INFO = NO;
				SDKROOT = iphoneos;
				SWIFT_OPTIMIZATION_LEVEL = "-Owholemodule";
				VALIDATE_PRODUCT = YES;
			};
			name = Release;
		};
		2ED999511EAA4D2500277FA7 /* Debug */ = {
			isa = XCBuildConfiguration;
			buildSettings = {
				ASSETCATALOG_COMPILER_APPICON_NAME = AppIcon;
				DEVELOPMENT_TEAM = H268XRZ67X;
				INFOPLIST_FILE = TableView_Kiet_13110085/Info.plist;
				LD_RUNPATH_SEARCH_PATHS = "$(inherited) @executable_path/Frameworks";
				PRODUCT_BUNDLE_IDENTIFIER = "Group-9---iOSUTE.TableView-Kiet-13110085";
				PRODUCT_NAME = "$(TARGET_NAME)";
				SWIFT_VERSION = 3.0;
			};
			name = Debug;
		};
		2ED999521EAA4D2500277FA7 /* Release */ = {
			isa = XCBuildConfiguration;
			buildSettings = {
				ASSETCATALOG_COMPILER_APPICON_NAME = AppIcon;
				DEVELOPMENT_TEAM = H268XRZ67X;
				INFOPLIST_FILE = TableView_Kiet_13110085/Info.plist;
				LD_RUNPATH_SEARCH_PATHS = "$(inherited) @executable_path/Frameworks";
				PRODUCT_BUNDLE_IDENTIFIER = "Group-9---iOSUTE.TableView-Kiet-13110085";
				PRODUCT_NAME = "$(TARGET_NAME)";
				SWIFT_VERSION = 3.0;
			};
			name = Release;
		};
		2ED999541EAA4D2500277FA7 /* Debug */ = {
			isa = XCBuildConfiguration;
			buildSettings = {
				ALWAYS_EMBED_SWIFT_STANDARD_LIBRARIES = YES;
				BUNDLE_LOADER = "$(TEST_HOST)";
				DEVELOPMENT_TEAM = H268XRZ67X;
				INFOPLIST_FILE = TableView_Kiet_13110085Tests/Info.plist;
				LD_RUNPATH_SEARCH_PATHS = "$(inherited) @executable_path/Frameworks @loader_path/Frameworks";
				PRODUCT_BUNDLE_IDENTIFIER = "Group-9---iOSUTE.TableView-Kiet-13110085Tests";
				PRODUCT_NAME = "$(TARGET_NAME)";
				SWIFT_VERSION = 3.0;
				TEST_HOST = "$(BUILT_PRODUCTS_DIR)/TableView_Kiet_13110085.app/TableView_Kiet_13110085";
			};
			name = Debug;
		};
		2ED999551EAA4D2500277FA7 /* Release */ = {
			isa = XCBuildConfiguration;
			buildSettings = {
				ALWAYS_EMBED_SWIFT_STANDARD_LIBRARIES = YES;
				BUNDLE_LOADER = "$(TEST_HOST)";
				DEVELOPMENT_TEAM = H268XRZ67X;
				INFOPLIST_FILE = TableView_Kiet_13110085Tests/Info.plist;
				LD_RUNPATH_SEARCH_PATHS = "$(inherited) @executable_path/Frameworks @loader_path/Frameworks";
				PRODUCT_BUNDLE_IDENTIFIER = "Group-9---iOSUTE.TableView-Kiet-13110085Tests";
				PRODUCT_NAME = "$(TARGET_NAME)";
				SWIFT_VERSION = 3.0;
				TEST_HOST = "$(BUILT_PRODUCTS_DIR)/TableView_Kiet_13110085.app/TableView_Kiet_13110085";
			};
			name = Release;
		};
		2ED999571EAA4D2500277FA7 /* Debug */ = {
			isa = XCBuildConfiguration;
			buildSettings = {
				ALWAYS_EMBED_SWIFT_STANDARD_LIBRARIES = YES;
				DEVELOPMENT_TEAM = H268XRZ67X;
				INFOPLIST_FILE = TableView_Kiet_13110085UITests/Info.plist;
				LD_RUNPATH_SEARCH_PATHS = "$(inherited) @executable_path/Frameworks @loader_path/Frameworks";
				PRODUCT_BUNDLE_IDENTIFIER = "Group-9---iOSUTE.TableView-Kiet-13110085UITests";
				PRODUCT_NAME = "$(TARGET_NAME)";
				SWIFT_VERSION = 3.0;
				TEST_TARGET_NAME = TableView_Kiet_13110085;
			};
			name = Debug;
		};
		2ED999581EAA4D2500277FA7 /* Release */ = {
			isa = XCBuildConfiguration;
			buildSettings = {
				ALWAYS_EMBED_SWIFT_STANDARD_LIBRARIES = YES;
				DEVELOPMENT_TEAM = H268XRZ67X;
				INFOPLIST_FILE = TableView_Kiet_13110085UITests/Info.plist;
				LD_RUNPATH_SEARCH_PATHS = "$(inherited) @executable_path/Frameworks @loader_path/Frameworks";
				PRODUCT_BUNDLE_IDENTIFIER = "Group-9---iOSUTE.TableView-Kiet-13110085UITests";
				PRODUCT_NAME = "$(TARGET_NAME)";
				SWIFT_VERSION = 3.0;
				TEST_TARGET_NAME = TableView_Kiet_13110085;
			};
			name = Release;
		};
/* End XCBuildConfiguration section */

/* Begin XCConfigurationList section */
		2ED999231EAA4D2500277FA7 /* Build configuration list for PBXProject "TableView_Kiet_13110085" */ = {
			isa = XCConfigurationList;
			buildConfigurations = (
				2ED9994E1EAA4D2500277FA7 /* Debug */,
				2ED9994F1EAA4D2500277FA7 /* Release */,
			);
			defaultConfigurationIsVisible = 0;
			defaultConfigurationName = Release;
		};
		2ED999501EAA4D2500277FA7 /* Build configuration list for PBXNativeTarget "TableView_Kiet_13110085" */ = {
			isa = XCConfigurationList;
			buildConfigurations = (
				2ED999511EAA4D2500277FA7 /* Debug */,
				2ED999521EAA4D2500277FA7 /* Release */,
			);
			defaultConfigurationIsVisible = 0;
		};
		2ED999531EAA4D2500277FA7 /* Build configuration list for PBXNativeTarget "TableView_Kiet_13110085Tests" */ = {
			isa = XCConfigurationList;
			buildConfigurations = (
				2ED999541EAA4D2500277FA7 /* Debug */,
				2ED999551EAA4D2500277FA7 /* Release */,
			);
			defaultConfigurationIsVisible = 0;
		};
		2ED999561EAA4D2500277FA7 /* Build configuration list for PBXNativeTarget "TableView_Kiet_13110085UITests" */ = {
			isa = XCConfigurationList;
			buildConfigurations = (
				2ED999571EAA4D2500277FA7 /* Debug */,
				2ED999581EAA4D2500277FA7 /* Release */,
			);
			defaultConfigurationIsVisible = 0;
		};
/* End XCConfigurationList section */
	};
	rootObject = 2ED999201EAA4D2500277FA7 /* Project object */;
}
